
Microsoft Visual Studio Solution File, Format Version 12.00
# Visual Studio Version 17
VisualStudioVersion = 17.2.32516.85
MinimumVisualStudioVersion = 10.0.40219.1
Project("{FAE04EC0-301F-11D3-BF4B-00C04F79EFBC}") = "WordHelper", "WordHelper\WordHelper.csproj", "{69D0053B-F317-457E-96E7-E86069C446A8}"
EndProject
Project("{FAE04EC0-301F-11D3-BF4B-00C04F79EFBC}") = "UnitTest", "UnitTest\UnitTest.csproj", "{BE9A6D81-A7C2-4DF6-9980-6163F959F7C5}"
EndProject
Global
	GlobalSection(SolutionConfigurationPlatforms) = preSolution
		Debug|Any CPU = Debug|Any CPU
		Release|Any CPU = Release|Any CPU
	EndGlobalSection
	GlobalSection(ProjectConfigurationPlatforms) = postSolution
		{69D0053B-F317-457E-96E7-E86069C446A8}.Debug|Any CPU.ActiveCfg = Debug|Any CPU
		{69D0053B-F317-457E-96E7-E86069C446A8}.Debug|Any CPU.Build.0 = Debug|Any CPU
		{69D0053B-F317-457E-96E7-E86069C446A8}.Release|Any CPU.ActiveCfg = Release|Any CPU
		{69D0053B-F317-457E-96E7-E86069C446A8}.Release|Any CPU.Build.0 = Release|Any CPU
		{BE9A6D81-A7C2-4DF6-9980-6163F959F7C5}.Debug|Any CPU.ActiveCfg = Debug|Any CPU
		{BE9A6D81-A7C2-4DF6-9980-6163F959F7C5}.Debug|Any CPU.Build.0 = Debug|Any CPU
		{BE9A6D81-A7C2-4DF6-9980-6163F959F7C5}.Release|Any CPU.ActiveCfg = Release|Any CPU
		{BE9A6D81-A7C2-4DF6-9980-6163F959F7C5}.Release|Any CPU.Build.0 = Release|Any CPU
	EndGlobalSection
	GlobalSection(SolutionProperties) = preSolution
		HideSolutionNode = FALSE
	EndGlobalSection
	GlobalSection(ExtensibilityGlobals) = postSolution
		SolutionGuid = {C0F7FDBE-3D07-462E-9B88-0B598AFAEA81}
	EndGlobalSection
EndGlobal
